{
  "name": "hono-body-reuse-repro",
  "version": "1.0.0",
  "lockfileVersion": 3,
  "requires": true,
  "packages": {
    "": {
      "name": "hono-body-reuse-repro",
      "version": "1.0.0",
      "dependencies": {
        "hono": "3.11.7"
      }
    },
    "node_modules/hono": {
      "version": "3.11.7",
      "resolved": "https://registry.npmjs.org/hono/-/hono-3.11.7.tgz",
      "integrity": "sha512-TcfAq7IdipF+9coxnuzYlSSBXbm9mTyWjjagLCv/2ampboNcKJdi+XCK5G48mHQtpI5+9Rj3J4FfcGgw9vzIww==",
      "engines": {
        "node": ">=16.0.0"
      }
    }
  }
}
