{
  "name": "hono-body-reuse-repro",
  "version": "1.0.0",
  "lockfileVersion": 3,
  "requires": true,
  "packages": {
    "": {
      "name": "hono-body-reuse-repro",
      "version": "1.0.0",
      "dependencies": {
        "hono": "3.7.1"
      }
    },
    "node_modules/hono": {
      "version": "3.7.1",
      "resolved": "https://registry.npmjs.org/hono/-/hono-3.7.1.tgz",
      "integrity": "sha512-S6XiX1wr2mj6zo1HNkmAJ3vVkHTsMMQuAN9W3gDj7vKCf3Kc8/zfdrUHJKkzIz9fknibznfgPWDOKkt5Ae+3EQ==",
      "engines": {
        "node": ">=16.0.0"
      }
    }
  }
}
